
Microsoft Visual Studio Solution File, Format Version 12.00
# Visual Studio 15
VisualStudioVersion = 15.0.28307.1062
MinimumVisualStudioVersion = 10.0.40219.1
Project("{FAE04EC0-301F-11D3-BF4B-00C04F79EFBC}") = "TcpSever", "TcpSever\TcpSever.csproj", "{E8D2687D-8146-4C45-9107-847B92E40D0F}"
EndProject
Global
	GlobalSection(SolutionConfigurationPlatforms) = preSolution
		Debug|Any CPU = Debug|Any CPU
		Release|Any CPU = Release|Any CPU
	EndGlobalSection
	GlobalSection(ProjectConfigurationPlatforms) = postSolution
		{E8D2687D-8146-4C45-9107-847B92E40D0F}.Debug|Any CPU.ActiveCfg = Debug|Any CPU
		{E8D2687D-8146-4C45-9107-847B92E40D0F}.Debug|Any CPU.Build.0 = Debug|Any CPU
		{E8D2687D-8146-4C45-9107-847B92E40D0F}.Release|Any CPU.ActiveCfg = Release|Any CPU
		{E8D2687D-8146-4C45-9107-847B92E40D0F}.Release|Any CPU.Build.0 = Release|Any CPU
	EndGlobalSection
	GlobalSection(SolutionProperties) = preSolution
		HideSolutionNode = FALSE
	EndGlobalSection
	GlobalSection(ExtensibilityGlobals) = postSolution
		SolutionGuid = {4D25521B-1F24-471E-86D2-9C782E6BA289}
	EndGlobalSection
EndGlobal
